{
  "name": "@psu-online-education/interstitial",
  "version": "1.0.0",
  "lockfileVersion": 3,
  "requires": true,
  "packages": {
    "": {
      "name": "@psu-online-education/interstitial",
      "version": "1.0.0",
      "license": "ISC",
      "devDependencies": {
        "@psu-online-education/background-container": "^4.0.0",
        "@psu-online-education/base": "^3.0.1",
        "@psu-online-education/callout": "^2.0.1",
        "@psu-online-education/footer": "^1.0.2",
        "@psu-online-education/header": "^2.1.1",
        "@psu-online-education/heading": "^3.1.1",
        "@psu-online-education/list": "^1.0.1",
        "@psu-online-education/page-title": "^1.0.3",
        "@psu-online-education/page-title-banner-plain": "^1.0.1",
        "@psu-online-education/physical-address": "^1.0.1",
        "@psu-online-education/social-icon": "^2.0.2",
        "@psu-online-education/social-icons": "^2.0.1",
        "@psu-online-education/sprite": "^2.1.4"
      }
    },
    "node_modules/@psu-online-education/background-container": {
      "version": "4.0.0",
      "resolved": "https://npm.pkg.github.com/download/@psu-online-education/background-container/4.0.0/a7a09c11a298abd299f489e9a15b49be00d47a2a",
      "integrity": "sha512-GNdGwwjhUzyKrcpYThLaXS8FFnICuJI3cQpc2eNN4i+9P2D1vBvvP9NkvT6eEWWoZjoKOKLdFfwSvOqGndlB0Q==",
      "dependencies": {
        "@psu-online-education/base": "^3.0",
        "@psu-online-education/sprite": "^2.0"
      }
    },
    "node_modules/@psu-online-education/base": {
      "version": "3.0.1",
      "resolved": "https://npm.pkg.github.com/download/@psu-online-education/base/3.0.1/309d46700c49c03ff3dbd698cc8994e621840872",
      "integrity": "sha512-lyLXjVqsHez/yVmYg+o+xgyOZo+AxHrOzkOHKs2E4IetTZuBPDrT10dwkWY826T0lSefExfihx0+5varI4yhWg==",
      "dependencies": {
        "@psu-online-education/webfonts": "^2.0"
      }
    },
    "node_modules/@psu-online-education/callout": {
      "version": "2.0.1",
      "resolved": "https://npm.pkg.github.com/download/@psu-online-education/callout/2.0.1/8a3d7399a1e0b5bd44ad9c8cd5657b6216f7cfa2",
      "integrity": "sha512-uIQXT9K9K34TblHY1N19BLkhkHkLeuhs8j8juC8lEgmXotLNBCuxbMPOgvr0q6nEk5/sXaGRHJpzYeX93QsOnw==",
      "dependencies": {
        "@psu-online-education/base": "^3.0"
      }
    },
    "node_modules/@psu-online-education/footer": {
      "version": "1.0.2",
      "resolved": "https://npm.pkg.github.com/download/@psu-online-education/footer/1.0.2/da5440a6fe297eeedd2ceafab6224574698ba1b4",
      "integrity": "sha512-l8aD6Js1fFubQws6mypGzyxw4cgRch7mtEMIAcdUoUCS3lA2SaWs0NJWVbFebB+SOhcr/KmqXYkLK7fxmYyzUQ==",
      "dependencies": {
        "@psu-online-education/background-container": "^3.0 || ^4.0",
        "@psu-online-education/base": "^3.0",
        "@psu-online-education/sprite": "^2.0"
      }
    },
    "node_modules/@psu-online-education/header": {
      "version": "2.1.1",
      "resolved": "https://npm.pkg.github.com/download/@psu-online-education/header/2.1.1/fcc4d2c2aeca1e87b50e4d05edc6daecf6feca90",
      "integrity": "sha512-dK/vp5nNgBPqBSeYiaoEXx/GqyULDRQEWv+QLZw0SEFfNyVqjGqkMrXPQaSASrSUoyZIXQUjoCWhCkVPTj0Kvw==",
      "dependencies": {
        "@psu-online-education/base": "^3.0",
        "@psu-online-education/sprite": "^2.0"
      }
    },
    "node_modules/@psu-online-education/heading": {
      "version": "3.1.1",
      "resolved": "https://npm.pkg.github.com/download/@psu-online-education/heading/3.1.1/11bacc4bc52c8d8b5ab8d01d853bee581d9e6ce5",
      "integrity": "sha512-g4+Kfhq85t9uJ2zUNOf7T/AaXt0yakWmKv+47k3693zRodBSt/2KluQ/9nFzBIqk09E6A06+k/GZ4742uQz+fg==",
      "dependencies": {
        "@psu-online-education/base": "^3.0"
      }
    },
    "node_modules/@psu-online-education/list": {
      "version": "1.0.1",
      "resolved": "https://npm.pkg.github.com/download/@psu-online-education/list/1.0.1/48da22bfb6d0b14fe9eac167e914cbf630c1513b",
      "integrity": "sha512-XRuNvR9qfrT2MDlthxDewPuNpWqBczVhC2d10H5K0REqJy8lXdeSghueitcbC6D2a2el2EKVKhbNIaGZZ+p2AA==",
      "dependencies": {
        "@psu-online-education/base": "^3.0"
      }
    },
    "node_modules/@psu-online-education/page-title": {
      "version": "1.0.3",
      "resolved": "https://npm.pkg.github.com/download/@psu-online-education/page-title/1.0.3/180e7501721b9ac1cd7254c38894edb0f0c3fe0b",
      "integrity": "sha512-2mm51O5o1mCoGS6DOB83Q4ZYtCiGuMpx2FJSkciGnq9nmAaTSWyAVIHt7jcdbT8RP02e8xyMPlc2J87XewXaWA==",
      "dependencies": {
        "@psu-online-education/base": "^3.0",
        "@psu-online-education/heading": "^2.0 || ^3.0"
      }
    },
    "node_modules/@psu-online-education/page-title-banner-plain": {
      "version": "1.0.1",
      "resolved": "https://npm.pkg.github.com/download/@psu-online-education/page-title-banner-plain/1.0.1/844f2be3a4b699ad82cfef82402c9fe20196a061",
      "integrity": "sha512-sHTGF7ab/5pr+gON0psru0l5s4rvNbVTaXx+hIcK+c1bndy4cT53UcqjEJ0eNHZByzmcafLQG7XNqswNkamq4A==",
      "dependencies": {
        "@psu-online-education/base": "^3.0",
        "@psu-online-education/page-title": "^1.0",
        "@psu-online-education/sprite": "^2.0"
      }
    },
    "node_modules/@psu-online-education/physical-address": {
      "version": "1.0.1",
      "resolved": "https://npm.pkg.github.com/download/@psu-online-education/physical-address/1.0.1/09a5c48dd43d49cd3f15a44f7e9060b685d4553d",
      "integrity": "sha512-BXKmYG/5yykyOnS3GrLN+BxSFmaTJ8FmMcIkMKMC0f8d0tTZFQEbz/HdbY6zTcVTfddIhfwW9UtPmWkeOJ2Dtg==",
      "dependencies": {
        "@psu-online-education/base": "^3.0"
      }
    },
    "node_modules/@psu-online-education/social-icon": {
      "version": "2.0.2",
      "resolved": "https://npm.pkg.github.com/download/@psu-online-education/social-icon/2.0.2/bd2f6e24f3ff0491178dce5f4b1c4fbec3d356a9",
      "integrity": "sha512-LlHDr9oAbjCRdJ/EvmacwZioaCepzSKjsM5zYocDnnNXQI7DfvSM3UefelWHV6PkCA+Tuj7rh7U8uuFrR5tCFQ==",
      "dependencies": {
        "@psu-online-education/base": "^3.0",
        "@psu-online-education/sprite": "^2.0"
      }
    },
    "node_modules/@psu-online-education/social-icons": {
      "version": "2.0.1",
      "resolved": "https://npm.pkg.github.com/download/@psu-online-education/social-icons/2.0.1/155ee9f8a5c9b9642b15d6dca8cbc91fa948ecca",
      "integrity": "sha512-sYSNYgZq9MMrXvCAhunC7K4gTWxGpHAkVm2SG8gt6T+Vsyam4P1pkmRlx+Qr7rkI2Ho23faL7WwgDqYetZnmZA==",
      "dependencies": {
        "@psu-online-education/base": "^3.0",
        "@psu-online-education/social-icon": "^2.0"
      }
    },
    "node_modules/@psu-online-education/sprite": {
      "version": "2.1.4",
      "resolved": "https://npm.pkg.github.com/download/@psu-online-education/sprite/2.1.4/347b08c0ce882cf28fb4f16a11901435f7e194ca",
      "integrity": "sha512-JP5y6HIcZWH9vifa4uiZqlcjDjVIPSBacOwlmlAn3IOFkAhF35XhPp45Hp9U4FXGk1oP27wHXyIVDy262C0nCw==",
      "dependencies": {
        "@psu-online-education/base": "^3.0"
      }
    },
    "node_modules/@psu-online-education/webfonts": {
      "version": "2.0.2",
      "resolved": "https://npm.pkg.github.com/download/@psu-online-education/webfonts/2.0.2/f54197491814ca7639a8c2f82fdad8109c945a87",
      "integrity": "sha512-YCC9X1uHBht6iVk3bGuWAGt6ZAaXBn2yOQpYYaARb86cXLQvCXIH+b8o5z4MTTNzIUPLIrCAJab0xcFGkM0/aw=="
    }
  }
}
